// !$*UTF8*$!
{
	archiveVersion = 1;
	classes = {
	};
	objectVersion = 50;
	objects = {

/* Begin PBXBuildFile section */
		A340DF55221F315D00F67992 /* AppDelegate.swift in Sources */ = {isa = PBXBuildFile; fileRef = A340DF54221F315D00F67992 /* AppDelegate.swift */; };
		A340DF57221F315D00F67992 /* ViewController.swift in Sources */ = {isa = PBXBuildFile; fileRef = A340DF56221F315D00F67992 /* ViewController.swift */; };
		A340DF5A221F315D00F67992 /* Main.storyboard in Resources */ = {isa = PBXBuildFile; fileRef = A340DF58221F315D00F67992 /* Main.storyboard */; };
		A340DF5C221F315F00F67992 /* Assets.xcassets in Resources */ = {isa = PBXBuildFile; fileRef = A340DF5B221F315F00F67992 /* Assets.xcassets */; };
		A340DF5F221F315F00F67992 /* LaunchScreen.storyboard in Resources */ = {isa = PBXBuildFile; fileRef = A340DF5D221F315F00F67992 /* LaunchScreen.storyboard */; };
		A340DF6A221F315F00F67992 /* FlixTests.swift in Sources */ = {isa = PBXBuildFile; fileRef = A340DF69221F315F00F67992 /* FlixTests.swift */; };
		A340DF75221F315F00F67992 /* FlixUITests.swift in Sources */ = {isa = PBXBuildFile; fileRef = A340DF74221F315F00F67992 /* FlixUITests.swift */; };
/* End PBXBuildFile section */

/* Begin PBXContainerItemProxy section */
		A340DF66221F315F00F67992 /* PBXContainerItemProxy */ = {
			isa = PBXContainerItemProxy;
			containerPortal = A340DF49221F315D00F67992 /* Project object */;
			proxyType = 1;
			remoteGlobalIDString = A340DF50221F315D00F67992;
			remoteInfo = Flix;
		};
		A340DF71221F315F00F67992 /* PBXContainerItemProxy */ = {
			isa = PBXContainerItemProxy;
			containerPortal = A340DF49221F315D00F67992 /* Project object */;
			proxyType = 1;
			remoteGlobalIDString = A340DF50221F315D00F67992;
			remoteInfo = Flix;
		};
/* End PBXContainerItemProxy section */

/* Begin PBXFileReference section */
		A340DF51221F315D00F67992 /* Flix.app */ = {isa = PBXFileReference; explicitFileType = wrapper.application; includeInIndex = 0; path = Flix.app; sourceTree = BUILT_PRODUCTS_DIR; };
		A340DF54221F315D00F67992 /* AppDelegate.swift */ = {isa = PBXFileReference; lastKnownFileType = sourcecode.swift; path = AppDelegate.swift; sourceTree = "<group>"; };
		A340DF56221F315D00F67992 /* ViewController.swift */ = {isa = PBXFileReference; lastKnownFileType = sourcecode.swift; path = ViewController.swift; sourceTree = "<group>"; };
		A340DF59221F315D00F67992 /* Base */ = {isa = PBXFileReference; lastKnownFileType = file.storyboard; name = Base; path = Base.lproj/Main.storyboard; sourceTree = "<group>"; };
		A340DF5B221F315F00F67992 /* Assets.xcassets */ = {isa = PBXFileReference; lastKnownFileType = folder.assetcatalog; path = Assets.xcassets; sourceTree = "<group>"; };
		A340DF5E221F315F00F67992 /* Base */ = {isa = PBXFileReference; lastKnownFileType = file.storyboard; name = Base; path = Base.lproj/LaunchScreen.storyboard; sourceTree = "<group>"; };
		A340DF60221F315F00F67992 /* Info.plist */ = {isa = PBXFileReference; lastKnownFileType = text.plist.xml; path = Info.plist; sourceTree = "<group>"; };
		A340DF65221F315F00F67992 /* FlixTests.xctest */ = {isa = PBXFileReference; explicitFileType = wrapper.cfbundle; includeInIndex = 0; path = FlixTests.xctest; sourceTree = BUILT_PRODUCTS_DIR; };
		A340DF69221F315F00F67992 /* FlixTests.swift */ = {isa = PBXFileReference; lastKnownFileType = sourcecode.swift; path = FlixTests.swift; sourceTree = "<group>"; };
		A340DF6B221F315F00F67992 /* Info.plist */ = {isa = PBXFileReference; lastKnownFileType = text.plist.xml; path = Info.plist; sourceTree = "<group>"; };
		A340DF70221F315F00F67992 /* FlixUITests.xctest */ = {isa = PBXFileReference; explicitFileType = wrapper.cfbundle; includeInIndex = 0; path = FlixUITests.xctest; sourceTree = BUILT_PRODUCTS_DIR; };
		A340DF74221F315F00F67992 /* FlixUITests.swift */ = {isa = PBXFileReference; lastKnownFileType = sourcecode.swift; path = FlixUITests.swift; sourceTree = "<group>"; };
		A340DF76221F315F00F67992 /* Info.plist */ = {isa = PBXFileReference; lastKnownFileType = text.plist.xml; path = Info.plist; sourceTree = "<group>"; };
/* End PBXFileReference section */

/* Begin PBXFrameworksBuildPhase section */
		A340DF4E221F315D00F67992 /* Frameworks */ = {
			isa = PBXFrameworksBuildPhase;
			buildActionMask = 2147483647;
			files = (
			);
			runOnlyForDeploymentPostprocessing = 0;
		};
		A340DF62221F315F00F67992 /* Frameworks */ = {
			isa = PBXFrameworksBuildPhase;
			buildActionMask = 2147483647;
			files = (
			);
			runOnlyForDeploymentPostprocessing = 0;
		};
		A340DF6D221F315F00F67992 /* Frameworks */ = {
			isa = PBXFrameworksBuildPhase;
			buildActionMask = 2147483647;
			files = (
			);
			runOnlyForDeploymentPostprocessing = 0;
		};
/* End PBXFrameworksBuildPhase section */

/* Begin PBXGroup section */
		A340DF48221F315D00F67992 = {
			isa = PBXGroup;
			children = (
				A340DF53221F315D00F67992 /* Flix */,
				A340DF68221F315F00F67992 /* FlixTests */,
				A340DF73221F315F00F67992 /* FlixUITests */,
				A340DF52221F315D00F67992 /* Products */,
			);
			sourceTree = "<group>";
		};
		A340DF52221F315D00F67992 /* Products */ = {
			isa = PBXGroup;
			children = (
				A340DF51221F315D00F67992 /* Flix.app */,
				A340DF65221F315F00F67992 /* FlixTests.xctest */,
				A340DF70221F315F00F67992 /* FlixUITests.xctest */,
			);
			name = Products;
			sourceTree = "<group>";
		};
		A340DF53221F315D00F67992 /* Flix */ = {
			isa = PBXGroup;
			children = (
				A340DF54221F315D00F67992 /* AppDelegate.swift */,
				A340DF56221F315D00F67992 /* ViewController.swift */,
				A340DF58221F315D00F67992 /* Main.storyboard */,
				A340DF5B221F315F00F67992 /* Assets.xcassets */,
				A340DF5D221F315F00F67992 /* LaunchScreen.storyboard */,
				A340DF60221F315F00F67992 /* Info.plist */,
			);
			path = Flix;
			sourceTree = "<group>";
		};
		A340DF68221F315F00F67992 /* FlixTests */ = {
			isa = PBXGroup;
			children = (
				A340DF69221F315F00F67992 /* FlixTests.swift */,
				A340DF6B221F315F00F67992 /* Info.plist */,
			);
			path = FlixTests;
			sourceTree = "<group>";
		};
		A340DF73221F315F00F67992 /* FlixUITests */ = {
			isa = PBXGroup;
			children = (
				A340DF74221F315F00F67992 /* FlixUITests.swift */,
				A340DF76221F315F00F67992 /* Info.plist */,
			);
			path = FlixUITests;
			sourceTree = "<group>";
		};
/* End PBXGroup section */

/* Begin PBXNativeTarget section */
		A340DF50221F315D00F67992 /* Flix */ = {
			isa = PBXNativeTarget;
			buildConfigurationList = A340DF79221F315F00F67992 /* Build configuration list for PBXNativeTarget "Flix" */;
			buildPhases = (
				A340DF4D221F315D00F67992 /* Sources */,
				A340DF4E221F315D00F67992 /* Frameworks */,
				A340DF4F221F315D00F67992 /* Resources */,
			);
			buildRules = (
			);
			dependencies = (
			);
			name = Flix;
			productName = Flix;
			productReference = A340DF51221F315D00F67992 /* Flix.app */;
			productType = "com.apple.product-type.application";
		};
		A340DF64221F315F00F67992 /* FlixTests */ = {
			isa = PBXNativeTarget;
			buildConfigurationList = A340DF7C221F315F00F67992 /* Build configuration list for PBXNativeTarget "FlixTests" */;
			buildPhases = (
				A340DF61221F315F00F67992 /* Sources */,
				A340DF62221F315F00F67992 /* Frameworks */,
				A340DF63221F315F00F67992 /* Resources */,
			);
			buildRules = (
			);
			dependencies = (
				A340DF67221F315F00F67992 /* PBXTargetDependency */,
			);
			name = FlixTests;
			productName = FlixTests;
			productReference = A340DF65221F315F00F67992 /* FlixTests.xctest */;
			productType = "com.apple.product-type.bundle.unit-test";
		};
		A340DF6F221F315F00F67992 /* FlixUITests */ = {
			isa = PBXNativeTarget;
			buildConfigurationList = A340DF7F221F315F00F67992 /* Build configuration list for PBXNativeTarget "FlixUITests" */;
			buildPhases = (
				A340DF6C221F315F00F67992 /* Sources */,
				A340DF6D221F315F00F67992 /* Frameworks */,
				A340DF6E221F315F00F67992 /* Resources */,
			);
			buildRules = (
			);
			dependencies = (
				A340DF72221F315F00F67992 /* PBXTargetDependency */,
			);
			name = FlixUITests;
			productName = FlixUITests;
			productReference = A340DF70221F315F00F67992 /* FlixUITests.xctest */;
			productType = "com.apple.product-type.bundle.ui-testing";
		};
/* End PBXNativeTarget section */

/* Begin PBXProject section */
		A340DF49221F315D00F67992 /* Project object */ = {
			isa = PBXProject;
			attributes = {
				LastSwiftUpdateCheck = 1010;
				LastUpgradeCheck = 1010;
				ORGANIZATIONNAME = "Mikiann McIntosh";
				TargetAttributes = {
					A340DF50221F315D00F67992 = {
						CreatedOnToolsVersion = 10.1;
					};
					A340DF64221F315F00F67992 = {
						CreatedOnToolsVersion = 10.1;
						TestTargetID = A340DF50221F315D00F67992;
					};
					A340DF6F221F315F00F67992 = {
						CreatedOnToolsVersion = 10.1;
						TestTargetID = A340DF50221F315D00F67992;
					};
				};
			};
			buildConfigurationList = A340DF4C221F315D00F67992 /* Build configuration list for PBXProject "Flix" */;
			compatibilityVersion = "Xcode 9.3";
			developmentRegion = en;
			hasScannedForEncodings = 0;
			knownRegions = (
				en,
				Base,
			);
			mainGroup = A340DF48221F315D00F67992;
			productRefGroup = A340DF52221F315D00F67992 /* Products */;
			projectDirPath = "";
			projectRoot = "";
			targets = (
				A340DF50221F315D00F67992 /* Flix */,
				A340DF64221F315F00F67992 /* FlixTests */,
				A340DF6F221F315F00F67992 /* FlixUITests */,
			);
		};
/* End PBXProject section */

/* Begin PBXResourcesBuildPhase section */
		A340DF4F221F315D00F67992 /* Resources */ = {
			isa = PBXResourcesBuildPhase;
			buildActionMask = 2147483647;
			files = (
				A340DF5F221F315F00F67992 /* LaunchScreen.storyboard in Resources */,
				A340DF5C221F315F00F67992 /* Assets.xcassets in Resources */,
				A340DF5A221F315D00F67992 /* Main.storyboard in Resources */,
			);
			runOnlyForDeploymentPostprocessing = 0;
		};
		A340DF63221F315F00F67992 /* Resources */ = {
			isa = PBXResourcesBuildPhase;
			buildActionMask = 2147483647;
			files = (
			);
			runOnlyForDeploymentPostprocessing = 0;
		};
		A340DF6E221F315F00F67992 /* Resources */ = {
			isa = PBXResourcesBuildPhase;
			buildActionMask = 2147483647;
			files = (
			);
			runOnlyForDeploymentPostprocessing = 0;
		};
/* End PBXResourcesBuildPhase section */

/* Begin PBXSourcesBuildPhase section */
		A340DF4D221F315D00F67992 /* Sources */ = {
			isa = PBXSourcesBuildPhase;
			buildActionMask = 2147483647;
			files = (
				A340DF57221F315D00F67992 /* ViewController.swift in Sources */,
				A340DF55221F315D00F67992 /* AppDelegate.swift in Sources */,
			);
			runOnlyForDeploymentPostprocessing = 0;
		};
		A340DF61221F315F00F67992 /* Sources */ = {
			isa = PBXSourcesBuildPhase;
			buildActionMask = 2147483647;
			files = (
				A340DF6A221F315F00F67992 /* FlixTests.swift in Sources */,
			);
			runOnlyForDeploymentPostprocessing = 0;
		};
		A340DF6C221F315F00F67992 /* Sources */ = {
			isa = PBXSourcesBuildPhase;
			buildActionMask = 2147483647;
			files = (
				A340DF75221F315F00F67992 /* FlixUITests.swift in Sources */,
			);
			runOnlyForDeploymentPostprocessing = 0;
		};
/* End PBXSourcesBuildPhase section */

/* Begin PBXTargetDependency section */
		A340DF67221F315F00F67992 /* PBXTargetDependency */ = {
			isa = PBXTargetDependency;
			target = A340DF50221F315D00F67992 /* Flix */;
			targetProxy = A340DF66221F315F00F67992 /* PBXContainerItemProxy */;
		};
		A340DF72221F315F00F67992 /* PBXTargetDependency */ = {
			isa = PBXTargetDependency;
			target = A340DF50221F315D00F67992 /* Flix */;
			targetProxy = A340DF71221F315F00F67992 /* PBXContainerItemProxy */;
		};
/* End PBXTargetDependency section */

/* Begin PBXVariantGroup section */
		A340DF58221F315D00F67992 /* Main.storyboard */ = {
			isa = PBXVariantGroup;
			children = (
				A340DF59221F315D00F67992 /* Base */,
			);
			name = Main.storyboard;
			sourceTree = "<group>";
		};
		A340DF5D221F315F00F67992 /* LaunchScreen.storyboard */ = {
			isa = PBXVariantGroup;
			children = (
				A340DF5E221F315F00F67992 /* Base */,
			);
			name = LaunchScreen.storyboard;
			sourceTree = "<group>";
		};
/* End PBXVariantGroup section */

/* Begin XCBuildConfiguration section */
		A340DF77221F315F00F67992 /* Debug */ = {
			isa = XCBuildConfiguration;
			buildSettings = {
				ALWAYS_SEARCH_USER_PATHS = NO;
				CLANG_ANALYZER_NONNULL = YES;
				CLANG_ANALYZER_NUMBER_OBJECT_CONVERSION = YES_AGGRESSIVE;
				CLANG_CXX_LANGUAGE_STANDARD = "gnu++14";
				CLANG_CXX_LIBRARY = "libc++";
				CLANG_ENABLE_MODULES = YES;
				CLANG_ENABLE_OBJC_ARC = YES;
				CLANG_ENABLE_OBJC_WEAK = YES;
				CLANG_WARN_BLOCK_CAPTURE_AUTORELEASING = YES;
				CLANG_WARN_BOOL_CONVERSION = YES;
				CLANG_WARN_COMMA = YES;
				CLANG_WARN_CONSTANT_CONVERSION = YES;
				CLANG_WARN_DEPRECATED_OBJC_IMPLEMENTATIONS = YES;
				CLANG_WARN_DIRECT_OBJC_ISA_USAGE = YES_ERROR;
				CLANG_WARN_DOCUMENTATION_COMMENTS = YES;
				CLANG_WARN_EMPTY_BODY = YES;
				CLANG_WARN_ENUM_CONVERSION = YES;
				CLANG_WARN_INFINITE_RECURSION = YES;
				CLANG_WARN_INT_CONVERSION = YES;
				CLANG_WARN_NON_LITERAL_NULL_CONVERSION = YES;
				CLANG_WARN_OBJC_IMPLICIT_RETAIN_SELF = YES;
				CLANG_WARN_OBJC_LITERAL_CONVERSION = YES;
				CLANG_WARN_OBJC_ROOT_CLASS = YES_ERROR;
				CLANG_WARN_RANGE_LOOP_ANALYSIS = YES;
				CLANG_WARN_STRICT_PROTOTYPES = YES;
				CLANG_WARN_SUSPICIOUS_MOVE = YES;
				CLANG_WARN_UNGUARDED_AVAILABILITY = YES_AGGRESSIVE;
				CLANG_WARN_UNREACHABLE_CODE = YES;
				CLANG_WARN__DUPLICATE_METHOD_MATCH = YES;
				CODE_SIGN_IDENTITY = "iPhone Developer";
				COPY_PHASE_STRIP = NO;
				DEBUG_INFORMATION_FORMAT = dwarf;
				ENABLE_STRICT_OBJC_MSGSEND = YES;
				ENABLE_TESTABILITY = YES;
				GCC_C_LANGUAGE_STANDARD = gnu11;
				GCC_DYNAMIC_NO_PIC = NO;
				GCC_NO_COMMON_BLOCKS = YES;
				GCC_OPTIMIZATION_LEVEL = 0;
				GCC_PREPROCESSOR_DEFINITIONS = (
					"DEBUG=1",
					"$(inherited)",
				);
				GCC_WARN_64_TO_32_BIT_CONVERSION = YES;
				GCC_WARN_ABOUT_RETURN_TYPE = YES_ERROR;
				GCC_WARN_UNDECLARED_SELECTOR = YES;
				GCC_WARN_UNINITIALIZED_AUTOS = YES_AGGRESSIVE;
				GCC_WARN_UNUSED_FUNCTION = YES;
				GCC_WARN_UNUSED_VARIABLE = YES;
				IPHONEOS_DEPLOYMENT_TARGET = 12.1;
				MTL_ENABLE_DEBUG_INFO = INCLUDE_SOURCE;
				MTL_FAST_MATH = YES;
				ONLY_ACTIVE_ARCH = YES;
				SDKROOT = iphoneos;
				SWIFT_ACTIVE_COMPILATION_CONDITIONS = DEBUG;
				SWIFT_OPTIMIZATION_LEVEL = "-Onone";
			};
			name = Debug;
		};
		A340DF78221F315F00F67992 /* Release */ = {
			isa = XCBuildConfiguration;
			buildSettings = {
				ALWAYS_SEARCH_USER_PATHS = NO;
				CLANG_ANALYZER_NONNULL = YES;
				CLANG_ANALYZER_NUMBER_OBJECT_CONVERSION = YES_AGGRESSIVE;
				CLANG_CXX_LANGUAGE_STANDARD = "gnu++14";
				CLANG_CXX_LIBRARY = "libc++";
				CLANG_ENABLE_MODULES = YES;
				CLANG_ENABLE_OBJC_ARC = YES;
				CLANG_ENABLE_OBJC_WEAK = YES;
				CLANG_WARN_BLOCK_CAPTURE_AUTORELEASING = YES;
				CLANG_WARN_BOOL_CONVERSION = YES;
				CLANG_WARN_COMMA = YES;
				CLANG_WARN_CONSTANT_CONVERSION = YES;
				CLANG_WARN_DEPRECATED_OBJC_IMPLEMENTATIONS = YES;
				CLANG_WARN_DIRECT_OBJC_ISA_USAGE = YES_ERROR;
				CLANG_WARN_DOCUMENTATION_COMMENTS = YES;
				CLANG_WARN_EMPTY_BODY = YES;
				CLANG_WARN_ENUM_CONVERSION = YES;
				CLANG_WARN_INFINITE_RECURSION = YES;
				CLANG_WARN_INT_CONVERSION = YES;
				CLANG_WARN_NON_LITERAL_NULL_CONVERSION = YES;
				CLANG_WARN_OBJC_IMPLICIT_RETAIN_SELF = YES;
				CLANG_WARN_OBJC_LITERAL_CONVERSION = YES;
				CLANG_WARN_OBJC_ROOT_CLASS = YES_ERROR;
				CLANG_WARN_RANGE_LOOP_ANALYSIS = YES;
				CLANG_WARN_STRICT_PROTOTYPES = YES;
				CLANG_WARN_SUSPICIOUS_MOVE = YES;
				CLANG_WARN_UNGUARDED_AVAILABILITY = YES_AGGRESSIVE;
				CLANG_WARN_UNREACHABLE_CODE = YES;
				CLANG_WARN__DUPLICATE_METHOD_MATCH = YES;
				CODE_SIGN_IDENTITY = "iPhone Developer";
				COPY_PHASE_STRIP = NO;
				DEBUG_INFORMATION_FORMAT = "dwarf-with-dsym";
				ENABLE_NS_ASSERTIONS = NO;
				ENABLE_STRICT_OBJC_MSGSEND = YES;
				GCC_C_LANGUAGE_STANDARD = gnu11;
				GCC_NO_COMMON_BLOCKS = YES;
				GCC_WARN_64_TO_32_BIT_CONVERSION = YES;
				GCC_WARN_ABOUT_RETURN_TYPE = YES_ERROR;
				GCC_WARN_UNDECLARED_SELECTOR = YES;
				GCC_WARN_UNINITIALIZED_AUTOS = YES_AGGRESSIVE;
				GCC_WARN_UNUSED_FUNCTION = YES;
				GCC_WARN_UNUSED_VARIABLE = YES;
				IPHONEOS_DEPLOYMENT_TARGET = 12.1;
				MTL_ENABLE_DEBUG_INFO = NO;
				MTL_FAST_MATH = YES;
				SDKROOT = iphoneos;
				SWIFT_COMPILATION_MODE = wholemodule;
				SWIFT_OPTIMIZATION_LEVEL = "-O";
				VALIDATE_PRODUCT = YES;
			};
			name = Release;
		};
		A340DF7A221F315F00F67992 /* Debug */ = {
			isa = XCBuildConfiguration;
			buildSettings = {
				ASSETCATALOG_COMPILER_APPICON_NAME = AppIcon;
				CODE_SIGN_STYLE = Automatic;
				DEVELOPMENT_TEAM = QK7N7SR99D;
				INFOPLIST_FILE = Flix/Info.plist;
				LD_RUNPATH_SEARCH_PATHS = (
					"$(inherited)",
					"@executable_path/Frameworks",
				);
				PRODUCT_BUNDLE_IDENTIFIER = CodePath.Flix;
				PRODUCT_NAME = "$(TARGET_NAME)";
				SWIFT_VERSION = 4.2;
				TARGETED_DEVICE_FAMILY = "1,2";
			};
			name = Debug;
		};
		A340DF7B221F315F00F67992 /* Release */ = {
			isa = XCBuildConfiguration;
			buildSettings = {
				ASSETCATALOG_COMPILER_APPICON_NAME = AppIcon;
				CODE_SIGN_STYLE = Automatic;
				DEVELOPMENT_TEAM = QK7N7SR99D;
				INFOPLIST_FILE = Flix/Info.plist;
				LD_RUNPATH_SEARCH_PATHS = (
					"$(inherited)",
					"@executable_path/Frameworks",
				);
				PRODUCT_BUNDLE_IDENTIFIER = CodePath.Flix;
				PRODUCT_NAME = "$(TARGET_NAME)";
				SWIFT_VERSION = 4.2;
				TARGETED_DEVICE_FAMILY = "1,2";
			};
			name = Release;
		};
		A340DF7D221F315F00F67992 /* Debug */ = {
			isa = XCBuildConfiguration;
			buildSettings = {
				ALWAYS_EMBED_SWIFT_STANDARD_LIBRARIES = YES;
				BUNDLE_LOADER = "$(TEST_HOST)";
				CODE_SIGN_STYLE = Automatic;
				DEVELOPMENT_TEAM = QK7N7SR99D;
				INFOPLIST_FILE = FlixTests/Info.plist;
				LD_RUNPATH_SEARCH_PATHS = (
					"$(inherited)",
					"@executable_path/Frameworks",
					"@loader_path/Frameworks",
				);
				PRODUCT_BUNDLE_IDENTIFIER = CodePath.FlixTests;
				PRODUCT_NAME = "$(TARGET_NAME)";
				SWIFT_VERSION = 4.2;
				TARGETED_DEVICE_FAMILY = "1,2";
				TEST_HOST = "$(BUILT_PRODUCTS_DIR)/Flix.app/Flix";
			};
			name = Debug;
		};
		A340DF7E221F315F00F67992 /* Release */ = {
			isa = XCBuildConfiguration;
			buildSettings = {
				ALWAYS_EMBED_SWIFT_STANDARD_LIBRARIES = YES;
				BUNDLE_LOADER = "$(TEST_HOST)";
				CODE_SIGN_STYLE = Automatic;
				DEVELOPMENT_TEAM = QK7N7SR99D;
				INFOPLIST_FILE = FlixTests/Info.plist;
				LD_RUNPATH_SEARCH_PATHS = (
					"$(inherited)",
					"@executable_path/Frameworks",
					"@loader_path/Frameworks",
				);
				PRODUCT_BUNDLE_IDENTIFIER = CodePath.FlixTests;
				PRODUCT_NAME = "$(TARGET_NAME)";
				SWIFT_VERSION = 4.2;
				TARGETED_DEVICE_FAMILY = "1,2";
				TEST_HOST = "$(BUILT_PRODUCTS_DIR)/Flix.app/Flix";
			};
			name = Release;
		};
		A340DF80221F315F00F67992 /* Debug */ = {
			isa = XCBuildConfiguration;
			buildSettings = {
				ALWAYS_EMBED_SWIFT_STANDARD_LIBRARIES = YES;
				CODE_SIGN_STYLE = Automatic;
				DEVELOPMENT_TEAM = QK7N7SR99D;
				INFOPLIST_FILE = FlixUITests/Info.plist;
				LD_RUNPATH_SEARCH_PATHS = (
					"$(inherited)",
					"@executable_path/Frameworks",
					"@loader_path/Frameworks",
				);
				PRODUCT_BUNDLE_IDENTIFIER = CodePath.FlixUITests;
				PRODUCT_NAME = "$(TARGET_NAME)";
				SWIFT_VERSION = 4.2;
				TARGETED_DEVICE_FAMILY = "1,2";
				TEST_TARGET_NAME = Flix;
			};
			name = Debug;
		};
		A340DF81221F315F00F67992 /* Release */ = {
			isa = XCBuildConfiguration;
			buildSettings = {
				ALWAYS_EMBED_SWIFT_STANDARD_LIBRARIES = YES;
				CODE_SIGN_STYLE = Automatic;
				DEVELOPMENT_TEAM = QK7N7SR99D;
				INFOPLIST_FILE = FlixUITests/Info.plist;
				LD_RUNPATH_SEARCH_PATHS = (
					"$(inherited)",
					"@executable_path/Frameworks",
					"@loader_path/Frameworks",
				);
				PRODUCT_BUNDLE_IDENTIFIER = CodePath.FlixUITests;
				PRODUCT_NAME = "$(TARGET_NAME)";
				SWIFT_VERSION = 4.2;
				TARGETED_DEVICE_FAMILY = "1,2";
				TEST_TARGET_NAME = Flix;
			};
			name = Release;
		};
/* End XCBuildConfiguration section */

/* Begin XCConfigurationList section */
		A340DF4C221F315D00F67992 /* Build configuration list for PBXProject "Flix" */ = {
			isa = XCConfigurationList;
			buildConfigurations = (
				A340DF77221F315F00F67992 /* Debug */,
				A340DF78221F315F00F67992 /* Release */,
			);
			defaultConfigurationIsVisible = 0;
			defaultConfigurationName = Release;
		};
		A340DF79221F315F00F67992 /* Build configuration list for PBXNativeTarget "Flix" */ = {
			isa = XCConfigurationList;
			buildConfigurations = (
				A340DF7A221F315F00F67992 /* Debug */,
				A340DF7B221F315F00F67992 /* Release */,
			);
			defaultConfigurationIsVisible = 0;
			defaultConfigurationName = Release;
		};
		A340DF7C221F315F00F67992 /* Build configuration list for PBXNativeTarget "FlixTests" */ = {
			isa = XCConfigurationList;
			buildConfigurations = (
				A340DF7D221F315F00F67992 /* Debug */,
				A340DF7E221F315F00F67992 /* Release */,
			);
			defaultConfigurationIsVisible = 0;
			defaultConfigurationName = Release;
		};
		A340DF7F221F315F00F67992 /* Build configuration list for PBXNativeTarget "FlixUITests" */ = {
			isa = XCConfigurationList;
			buildConfigurations = (
				A340DF80221F315F00F67992 /* Debug */,
				A340DF81221F315F00F67992 /* Release */,
			);
			defaultConfigurationIsVisible = 0;
			defaultConfigurationName = Release;
		};
/* End XCConfigurationList section */
	};
	rootObject = A340DF49221F315D00F67992 /* Project object */;
}
